// !$*UTF8*$!
{
	archiveVersion = 1;
	classes = {
	};
	objectVersion = 56;
	objects = {

/* Begin PBXBuildFile section */
		DD9D124B2B92B14C00B599B8 /* TabBar.swift in Sources */ = {isa = PBXBuildFile; fileRef = DD9D124A2B92B14C00B599B8 /* TabBar.swift */; };
		DD9D124F2B92BBB700B599B8 /* HabitsListScreenViewController.swift in Sources */ = {isa = PBXBuildFile; fileRef = DD9D124E2B92BBB700B599B8 /* HabitsListScreenViewController.swift */; };
		DD9D12512B92BBE400B599B8 /* HabitsListScreenView.swift in Sources */ = {isa = PBXBuildFile; fileRef = DD9D12502B92BBE400B599B8 /* HabitsListScreenView.swift */; };
		DD9D12562B92BCC300B599B8 /* StatisticsScreenView.swift in Sources */ = {isa = PBXBuildFile; fileRef = DD9D12552B92BCC300B599B8 /* StatisticsScreenView.swift */; };
		DD9D12582B92BCD200B599B8 /* StatisticsScreenViewController.swift in Sources */ = {isa = PBXBuildFile; fileRef = DD9D12572B92BCD200B599B8 /* StatisticsScreenViewController.swift */; };
		DD9D125B2B92BD0700B599B8 /* AchievementScreenViewController.swift in Sources */ = {isa = PBXBuildFile; fileRef = DD9D125A2B92BD0700B599B8 /* AchievementScreenViewController.swift */; };
		DD9D125E2B92BD2400B599B8 /* AchievementScreenView.swift in Sources */ = {isa = PBXBuildFile; fileRef = DD9D125D2B92BD2400B599B8 /* AchievementScreenView.swift */; };
		DD9D12652B92C1D500B599B8 /* AppColors.swift in Sources */ = {isa = PBXBuildFile; fileRef = DD9D12642B92C1D500B599B8 /* AppColors.swift */; };
		DD9FC1142B94294E0004B8CA /* CustomRoundImageView.swift in Sources */ = {isa = PBXBuildFile; fileRef = DD9FC1132B94294E0004B8CA /* CustomRoundImageView.swift */; };
		DDA680E82B95982C005E93C4 /* CalendarScreenViewController.swift in Sources */ = {isa = PBXBuildFile; fileRef = DDA680E72B95982C005E93C4 /* CalendarScreenViewController.swift */; };
		DDA680EB2B9598C2005E93C4 /* CalendarScreenView.swift in Sources */ = {isa = PBXBuildFile; fileRef = DDA680EA2B9598C2005E93C4 /* CalendarScreenView.swift */; };
		DDAB09212B9C088600FCF05E /* CalendarScreenHeaderView.swift in Sources */ = {isa = PBXBuildFile; fileRef = DDAB09202B9C088600FCF05E /* CalendarScreenHeaderView.swift */; };
		DDAB09232B9C089400FCF05E /* CalendarScreenFooterView.swift in Sources */ = {isa = PBXBuildFile; fileRef = DDAB09222B9C089400FCF05E /* CalendarScreenFooterView.swift */; };
		DDAB09282B9C8D6D00FCF05E /* DataService.swift in Sources */ = {isa = PBXBuildFile; fileRef = DDAB09272B9C8D6D00FCF05E /* DataService.swift */; };
		DDAC6F9A2B9A9DFA00049C0E /* Day.swift in Sources */ = {isa = PBXBuildFile; fileRef = DDAC6F992B9A9DFA00049C0E /* Day.swift */; };
		DDAC6FA52B9AB8B200049C0E /* MonthMetaData.swift in Sources */ = {isa = PBXBuildFile; fileRef = DDAC6FA42B9AB8B200049C0E /* MonthMetaData.swift */; };
		DDAC6FA72B9AC53200049C0E /* CalendarDateCollectionViewCell.swift in Sources */ = {isa = PBXBuildFile; fileRef = DDAC6FA62B9AC53200049C0E /* CalendarDateCollectionViewCell.swift */; };
		DDF5F11A2B8D96120031D54B /* AppDelegate.swift in Sources */ = {isa = PBXBuildFile; fileRef = DDF5F1192B8D96120031D54B /* AppDelegate.swift */; };
		DDF5F11C2B8D96120031D54B /* SceneDelegate.swift in Sources */ = {isa = PBXBuildFile; fileRef = DDF5F11B2B8D96120031D54B /* SceneDelegate.swift */; };
		DDF5F11E2B8D96120031D54B /* ProgressScreenViewController.swift in Sources */ = {isa = PBXBuildFile; fileRef = DDF5F11D2B8D96120031D54B /* ProgressScreenViewController.swift */; };
		DDF5F1232B8D96140031D54B /* Assets.xcassets in Resources */ = {isa = PBXBuildFile; fileRef = DDF5F1222B8D96140031D54B /* Assets.xcassets */; };
		DDF5F1322B8D97AD0031D54B /* ProgressScreenView.swift in Sources */ = {isa = PBXBuildFile; fileRef = DDF5F1312B8D97AD0031D54B /* ProgressScreenView.swift */; };
		DDF5F1352B8D98C70031D54B /* GenericViewController.swift in Sources */ = {isa = PBXBuildFile; fileRef = DDF5F1342B8D98C70031D54B /* GenericViewController.swift */; };
		DDF5F1392B8DA3E80031D54B /* SnapKit in Frameworks */ = {isa = PBXBuildFile; productRef = DDF5F1382B8DA3E80031D54B /* SnapKit */; };
		DDF6A94C2B8EE0DD009A13BA /* ImageService.swift in Sources */ = {isa = PBXBuildFile; fileRef = DDF6A94B2B8EE0DD009A13BA /* ImageService.swift */; };
/* End PBXBuildFile section */

/* Begin PBXFileReference section */
		DD9D124A2B92B14C00B599B8 /* TabBar.swift */ = {isa = PBXFileReference; lastKnownFileType = sourcecode.swift; path = TabBar.swift; sourceTree = "<group>"; };
		DD9D124E2B92BBB700B599B8 /* HabitsListScreenViewController.swift */ = {isa = PBXFileReference; lastKnownFileType = sourcecode.swift; path = HabitsListScreenViewController.swift; sourceTree = "<group>"; };
		DD9D12502B92BBE400B599B8 /* HabitsListScreenView.swift */ = {isa = PBXFileReference; lastKnownFileType = sourcecode.swift; path = HabitsListScreenView.swift; sourceTree = "<group>"; };
		DD9D12552B92BCC300B599B8 /* StatisticsScreenView.swift */ = {isa = PBXFileReference; lastKnownFileType = sourcecode.swift; path = StatisticsScreenView.swift; sourceTree = "<group>"; };
		DD9D12572B92BCD200B599B8 /* StatisticsScreenViewController.swift */ = {isa = PBXFileReference; lastKnownFileType = sourcecode.swift; path = StatisticsScreenViewController.swift; sourceTree = "<group>"; };
		DD9D125A2B92BD0700B599B8 /* AchievementScreenViewController.swift */ = {isa = PBXFileReference; lastKnownFileType = sourcecode.swift; path = AchievementScreenViewController.swift; sourceTree = "<group>"; };
		DD9D125D2B92BD2400B599B8 /* AchievementScreenView.swift */ = {isa = PBXFileReference; lastKnownFileType = sourcecode.swift; path = AchievementScreenView.swift; sourceTree = "<group>"; };
		DD9D12642B92C1D500B599B8 /* AppColors.swift */ = {isa = PBXFileReference; lastKnownFileType = sourcecode.swift; path = AppColors.swift; sourceTree = "<group>"; };
		DD9FC1132B94294E0004B8CA /* CustomRoundImageView.swift */ = {isa = PBXFileReference; lastKnownFileType = sourcecode.swift; path = CustomRoundImageView.swift; sourceTree = "<group>"; };
		DDA680E72B95982C005E93C4 /* CalendarScreenViewController.swift */ = {isa = PBXFileReference; lastKnownFileType = sourcecode.swift; path = CalendarScreenViewController.swift; sourceTree = "<group>"; };
		DDA680EA2B9598C2005E93C4 /* CalendarScreenView.swift */ = {isa = PBXFileReference; lastKnownFileType = sourcecode.swift; path = CalendarScreenView.swift; sourceTree = "<group>"; };
		DDAB09202B9C088600FCF05E /* CalendarScreenHeaderView.swift */ = {isa = PBXFileReference; lastKnownFileType = sourcecode.swift; path = CalendarScreenHeaderView.swift; sourceTree = "<group>"; };
		DDAB09222B9C089400FCF05E /* CalendarScreenFooterView.swift */ = {isa = PBXFileReference; lastKnownFileType = sourcecode.swift; path = CalendarScreenFooterView.swift; sourceTree = "<group>"; };
		DDAB09272B9C8D6D00FCF05E /* DataService.swift */ = {isa = PBXFileReference; lastKnownFileType = sourcecode.swift; path = DataService.swift; sourceTree = "<group>"; };
		DDAC6F992B9A9DFA00049C0E /* Day.swift */ = {isa = PBXFileReference; lastKnownFileType = sourcecode.swift; path = Day.swift; sourceTree = "<group>"; };
		DDAC6FA42B9AB8B200049C0E /* MonthMetaData.swift */ = {isa = PBXFileReference; lastKnownFileType = sourcecode.swift; path = MonthMetaData.swift; sourceTree = "<group>"; };
		DDAC6FA62B9AC53200049C0E /* CalendarDateCollectionViewCell.swift */ = {isa = PBXFileReference; lastKnownFileType = sourcecode.swift; path = CalendarDateCollectionViewCell.swift; sourceTree = "<group>"; };
		DDF5F1162B8D96120031D54B /* BlackTracker.app */ = {isa = PBXFileReference; explicitFileType = wrapper.application; includeInIndex = 0; path = BlackTracker.app; sourceTree = BUILT_PRODUCTS_DIR; };
		DDF5F1192B8D96120031D54B /* AppDelegate.swift */ = {isa = PBXFileReference; lastKnownFileType = sourcecode.swift; path = AppDelegate.swift; sourceTree = "<group>"; };
		DDF5F11B2B8D96120031D54B /* SceneDelegate.swift */ = {isa = PBXFileReference; lastKnownFileType = sourcecode.swift; path = SceneDelegate.swift; sourceTree = "<group>"; };
		DDF5F11D2B8D96120031D54B /* ProgressScreenViewController.swift */ = {isa = PBXFileReference; lastKnownFileType = sourcecode.swift; path = ProgressScreenViewController.swift; sourceTree = "<group>"; };
		DDF5F1222B8D96140031D54B /* Assets.xcassets */ = {isa = PBXFileReference; lastKnownFileType = folder.assetcatalog; path = Assets.xcassets; sourceTree = "<group>"; };
		DDF5F1272B8D96140031D54B /* Info.plist */ = {isa = PBXFileReference; lastKnownFileType = text.plist.xml; path = Info.plist; sourceTree = "<group>"; };
		DDF5F1312B8D97AD0031D54B /* ProgressScreenView.swift */ = {isa = PBXFileReference; lastKnownFileType = sourcecode.swift; path = ProgressScreenView.swift; sourceTree = "<group>"; };
		DDF5F1342B8D98C70031D54B /* GenericViewController.swift */ = {isa = PBXFileReference; lastKnownFileType = sourcecode.swift; path = GenericViewController.swift; sourceTree = "<group>"; };
		DDF6A94B2B8EE0DD009A13BA /* ImageService.swift */ = {isa = PBXFileReference; lastKnownFileType = sourcecode.swift; path = ImageService.swift; sourceTree = "<group>"; };
/* End PBXFileReference section */

/* Begin PBXFrameworksBuildPhase section */
		DDF5F1132B8D96120031D54B /* Frameworks */ = {
			isa = PBXFrameworksBuildPhase;
			buildActionMask = 2147483647;
			files = (
				DDF5F1392B8DA3E80031D54B /* SnapKit in Frameworks */,
			);
			runOnlyForDeploymentPostprocessing = 0;
		};
/* End PBXFrameworksBuildPhase section */

/* Begin PBXGroup section */
		DD9D12492B92B10E00B599B8 /* ProgressScreen */ = {
			isa = PBXGroup;
			children = (
				DDAB09252B9C67F500FCF05E /* Model */,
				DDF5F1302B8D97890031D54B /* View */,
				DDAB09262B9C67F900FCF05E /* Controller */,
			);
			path = ProgressScreen;
			sourceTree = "<group>";
		};
		DD9D124C2B92BAAE00B599B8 /* TabBar */ = {
			isa = PBXGroup;
			children = (
				DD9D124A2B92B14C00B599B8 /* TabBar.swift */,
				DD9D12492B92B10E00B599B8 /* ProgressScreen */,
				DD9D124D2B92BB0900B599B8 /* HabitsListScreen */,
				DD9D12532B92BC4800B599B8 /* StatisticScreen */,
				DD9D12592B92BCEF00B599B8 /* AchievementsScreen */,
			);
			path = TabBar;
			sourceTree = "<group>";
		};
		DD9D124D2B92BB0900B599B8 /* HabitsListScreen */ = {
			isa = PBXGroup;
			children = (
				DD9D12522B92BBF700B599B8 /* View */,
				DD9D124E2B92BBB700B599B8 /* HabitsListScreenViewController.swift */,
			);
			path = HabitsListScreen;
			sourceTree = "<group>";
		};
		DD9D12522B92BBF700B599B8 /* View */ = {
			isa = PBXGroup;
			children = (
				DD9D12502B92BBE400B599B8 /* HabitsListScreenView.swift */,
			);
			path = View;
			sourceTree = "<group>";
		};
		DD9D12532B92BC4800B599B8 /* StatisticScreen */ = {
			isa = PBXGroup;
			children = (
				DD9D12542B92BCB500B599B8 /* View */,
				DD9D12572B92BCD200B599B8 /* StatisticsScreenViewController.swift */,
			);
			path = StatisticScreen;
			sourceTree = "<group>";
		};
		DD9D12542B92BCB500B599B8 /* View */ = {
			isa = PBXGroup;
			children = (
				DD9D12552B92BCC300B599B8 /* StatisticsScreenView.swift */,
			);
			path = View;
			sourceTree = "<group>";
		};
		DD9D12592B92BCEF00B599B8 /* AchievementsScreen */ = {
			isa = PBXGroup;
			children = (
				DD9D125C2B92BD0F00B599B8 /* View */,
				DD9D125A2B92BD0700B599B8 /* AchievementScreenViewController.swift */,
			);
			path = AchievementsScreen;
			sourceTree = "<group>";
		};
		DD9D125C2B92BD0F00B599B8 /* View */ = {
			isa = PBXGroup;
			children = (
				DD9D125D2B92BD2400B599B8 /* AchievementScreenView.swift */,
			);
			path = View;
			sourceTree = "<group>";
		};
		DD9D125F2B92BD6A00B599B8 /* AddHabitScreen */ = {
			isa = PBXGroup;
			children = (
			);
			path = AddHabitScreen;
			sourceTree = "<group>";
		};
		DD9D12602B92BD7400B599B8 /* RankingScreen */ = {
			isa = PBXGroup;
			children = (
			);
			path = RankingScreen;
			sourceTree = "<group>";
		};
		DD9D12612B92BD7B00B599B8 /* LogInScreen */ = {
			isa = PBXGroup;
			children = (
			);
			path = LogInScreen;
			sourceTree = "<group>";
		};
		DD9D12622B92BD9400B599B8 /* SettingsScreen */ = {
			isa = PBXGroup;
			children = (
			);
			path = SettingsScreen;
			sourceTree = "<group>";
		};
		DD9D12632B92BD9D00B599B8 /* ProfileScreen */ = {
			isa = PBXGroup;
			children = (
			);
			path = ProfileScreen;
			sourceTree = "<group>";
		};
		DDA680E62B959800005E93C4 /* CalendarScreen */ = {
			isa = PBXGroup;
			children = (
				DDF5F1362B8D99570031D54B /* Model */,
				DDA680E92B9598AE005E93C4 /* View */,
				DDAB09242B9C67E200FCF05E /* Controller */,
			);
			path = CalendarScreen;
			sourceTree = "<group>";
		};
		DDA680E92B9598AE005E93C4 /* View */ = {
			isa = PBXGroup;
			children = (
				DDA680EA2B9598C2005E93C4 /* CalendarScreenView.swift */,
				DDAB09202B9C088600FCF05E /* CalendarScreenHeaderView.swift */,
				DDAB09222B9C089400FCF05E /* CalendarScreenFooterView.swift */,
				DDAC6FA62B9AC53200049C0E /* CalendarDateCollectionViewCell.swift */,
			);
			path = View;
			sourceTree = "<group>";
		};
		DDAB09242B9C67E200FCF05E /* Controller */ = {
			isa = PBXGroup;
			children = (
				DDA680E72B95982C005E93C4 /* CalendarScreenViewController.swift */,
			);
			path = Controller;
			sourceTree = "<group>";
		};
		DDAB09252B9C67F500FCF05E /* Model */ = {
			isa = PBXGroup;
			children = (
			);
			path = Model;
			sourceTree = "<group>";
		};
		DDAB09262B9C67F900FCF05E /* Controller */ = {
			isa = PBXGroup;
			children = (
				DDF5F11D2B8D96120031D54B /* ProgressScreenViewController.swift */,
			);
			path = Controller;
			sourceTree = "<group>";
		};
		DDAC6F9D2B9AAF1900049C0E /* Extensions */ = {
			isa = PBXGroup;
			children = (
			);
			path = Extensions;
			sourceTree = "<group>";
		};
		DDAC6FA02B9AAF6A00049C0E /* CustomElements */ = {
			isa = PBXGroup;
			children = (
				DDF5F1342B8D98C70031D54B /* GenericViewController.swift */,
				DD9FC1132B94294E0004B8CA /* CustomRoundImageView.swift */,
			);
			path = CustomElements;
			sourceTree = "<group>";
		};
		DDAC6FA12B9AAF7800049C0E /* GlobalElements */ = {
			isa = PBXGroup;
			children = (
				DD9D12642B92C1D500B599B8 /* AppColors.swift */,
			);
			path = GlobalElements;
			sourceTree = "<group>";
		};
		DDF5F10D2B8D96120031D54B = {
			isa = PBXGroup;
			children = (
				DDF5F1182B8D96120031D54B /* BlackTracker */,
				DDF5F1172B8D96120031D54B /* Products */,
			);
			sourceTree = "<group>";
		};
		DDF5F1172B8D96120031D54B /* Products */ = {
			isa = PBXGroup;
			children = (
				DDF5F1162B8D96120031D54B /* BlackTracker.app */,
			);
			name = Products;
			sourceTree = "<group>";
		};
		DDF5F1182B8D96120031D54B /* BlackTracker */ = {
			isa = PBXGroup;
			children = (
				DDF5F12E2B8D970E0031D54B /* App */,
				DDF5F12F2B8D97150031D54B /* Screens */,
				DDF6A94A2B8EE0CE009A13BA /* Services */,
				DDF5F12D2B8D96FD0031D54B /* Resources */,
			);
			path = BlackTracker;
			sourceTree = "<group>";
		};
		DDF5F12D2B8D96FD0031D54B /* Resources */ = {
			isa = PBXGroup;
			children = (
				DDF5F1332B8D98BB0031D54B /* Helpers */,
				DDF5F1272B8D96140031D54B /* Info.plist */,
				DDF5F1222B8D96140031D54B /* Assets.xcassets */,
			);
			path = Resources;
			sourceTree = "<group>";
		};
		DDF5F12E2B8D970E0031D54B /* App */ = {
			isa = PBXGroup;
			children = (
				DDF5F1192B8D96120031D54B /* AppDelegate.swift */,
				DDF5F11B2B8D96120031D54B /* SceneDelegate.swift */,
			);
			path = App;
			sourceTree = "<group>";
		};
		DDF5F12F2B8D97150031D54B /* Screens */ = {
			isa = PBXGroup;
			children = (
				DD9D124C2B92BAAE00B599B8 /* TabBar */,
				DD9D12632B92BD9D00B599B8 /* ProfileScreen */,
				DD9D12622B92BD9400B599B8 /* SettingsScreen */,
				DD9D12612B92BD7B00B599B8 /* LogInScreen */,
				DD9D12602B92BD7400B599B8 /* RankingScreen */,
				DDA680E62B959800005E93C4 /* CalendarScreen */,
				DD9D125F2B92BD6A00B599B8 /* AddHabitScreen */,
			);
			path = Screens;
			sourceTree = "<group>";
		};
		DDF5F1302B8D97890031D54B /* View */ = {
			isa = PBXGroup;
			children = (
				DDF5F1312B8D97AD0031D54B /* ProgressScreenView.swift */,
			);
			path = View;
			sourceTree = "<group>";
		};
		DDF5F1332B8D98BB0031D54B /* Helpers */ = {
			isa = PBXGroup;
			children = (
				DDAC6FA12B9AAF7800049C0E /* GlobalElements */,
				DDAC6FA02B9AAF6A00049C0E /* CustomElements */,
				DDAC6F9D2B9AAF1900049C0E /* Extensions */,
			);
			path = Helpers;
			sourceTree = "<group>";
		};
		DDF5F1362B8D99570031D54B /* Model */ = {
			isa = PBXGroup;
			children = (
				DDAC6F992B9A9DFA00049C0E /* Day.swift */,
				DDAC6FA42B9AB8B200049C0E /* MonthMetaData.swift */,
				DDAB09272B9C8D6D00FCF05E /* DataService.swift */,
			);
			path = Model;
			sourceTree = "<group>";
		};
		DDF6A94A2B8EE0CE009A13BA /* Services */ = {
			isa = PBXGroup;
			children = (
				DDF6A94B2B8EE0DD009A13BA /* ImageService.swift */,
			);
			path = Services;
			sourceTree = "<group>";
		};
/* End PBXGroup section */

/* Begin PBXNativeTarget section */
		DDF5F1152B8D96120031D54B /* BlackTracker */ = {
			isa = PBXNativeTarget;
			buildConfigurationList = DDF5F12A2B8D96140031D54B /* Build configuration list for PBXNativeTarget "BlackTracker" */;
			buildPhases = (
				DDF5F1122B8D96120031D54B /* Sources */,
				DDF5F1132B8D96120031D54B /* Frameworks */,
				DDF5F1142B8D96120031D54B /* Resources */,
			);
			buildRules = (
			);
			dependencies = (
			);
			name = BlackTracker;
			packageProductDependencies = (
				DDF5F1382B8DA3E80031D54B /* SnapKit */,
			);
			productName = BlackTracker;
			productReference = DDF5F1162B8D96120031D54B /* BlackTracker.app */;
			productType = "com.apple.product-type.application";
		};
/* End PBXNativeTarget section */

/* Begin PBXProject section */
		DDF5F10E2B8D96120031D54B /* Project object */ = {
			isa = PBXProject;
			attributes = {
				BuildIndependentTargetsInParallel = 1;
				LastSwiftUpdateCheck = 1420;
				LastUpgradeCheck = 1420;
				TargetAttributes = {
					DDF5F1152B8D96120031D54B = {
						CreatedOnToolsVersion = 14.2;
					};
				};
			};
			buildConfigurationList = DDF5F1112B8D96120031D54B /* Build configuration list for PBXProject "BlackTracker" */;
			compatibilityVersion = "Xcode 14.0";
			developmentRegion = en;
			hasScannedForEncodings = 0;
			knownRegions = (
				en,
				Base,
			);
			mainGroup = DDF5F10D2B8D96120031D54B;
			packageReferences = (
				DDF5F1372B8DA3E80031D54B /* XCRemoteSwiftPackageReference "SnapKit" */,
			);
			productRefGroup = DDF5F1172B8D96120031D54B /* Products */;
			projectDirPath = "";
			projectRoot = "";
			targets = (
				DDF5F1152B8D96120031D54B /* BlackTracker */,
			);
		};
/* End PBXProject section */

/* Begin PBXResourcesBuildPhase section */
		DDF5F1142B8D96120031D54B /* Resources */ = {
			isa = PBXResourcesBuildPhase;
			buildActionMask = 2147483647;
			files = (
				DDF5F1232B8D96140031D54B /* Assets.xcassets in Resources */,
			);
			runOnlyForDeploymentPostprocessing = 0;
		};
/* End PBXResourcesBuildPhase section */

/* Begin PBXSourcesBuildPhase section */
		DDF5F1122B8D96120031D54B /* Sources */ = {
			isa = PBXSourcesBuildPhase;
			buildActionMask = 2147483647;
			files = (
				DDF5F11E2B8D96120031D54B /* ProgressScreenViewController.swift in Sources */,
				DDF5F11A2B8D96120031D54B /* AppDelegate.swift in Sources */,
				DDAC6FA52B9AB8B200049C0E /* MonthMetaData.swift in Sources */,
				DDF5F1352B8D98C70031D54B /* GenericViewController.swift in Sources */,
				DD9D12562B92BCC300B599B8 /* StatisticsScreenView.swift in Sources */,
				DDAB09282B9C8D6D00FCF05E /* DataService.swift in Sources */,
				DD9D12512B92BBE400B599B8 /* HabitsListScreenView.swift in Sources */,
				DDAC6FA72B9AC53200049C0E /* CalendarDateCollectionViewCell.swift in Sources */,
				DDAB09232B9C089400FCF05E /* CalendarScreenFooterView.swift in Sources */,
				DDAB09212B9C088600FCF05E /* CalendarScreenHeaderView.swift in Sources */,
				DD9D125E2B92BD2400B599B8 /* AchievementScreenView.swift in Sources */,
				DD9D12582B92BCD200B599B8 /* StatisticsScreenViewController.swift in Sources */,
				DDF5F11C2B8D96120031D54B /* SceneDelegate.swift in Sources */,
				DDF5F1322B8D97AD0031D54B /* ProgressScreenView.swift in Sources */,
				DD9D125B2B92BD0700B599B8 /* AchievementScreenViewController.swift in Sources */,
				DDF6A94C2B8EE0DD009A13BA /* ImageService.swift in Sources */,
				DD9D12652B92C1D500B599B8 /* AppColors.swift in Sources */,
				DDA680EB2B9598C2005E93C4 /* CalendarScreenView.swift in Sources */,
				DD9D124B2B92B14C00B599B8 /* TabBar.swift in Sources */,
				DDAC6F9A2B9A9DFA00049C0E /* Day.swift in Sources */,
				DD9FC1142B94294E0004B8CA /* CustomRoundImageView.swift in Sources */,
				DDA680E82B95982C005E93C4 /* CalendarScreenViewController.swift in Sources */,
				DD9D124F2B92BBB700B599B8 /* HabitsListScreenViewController.swift in Sources */,
			);
			runOnlyForDeploymentPostprocessing = 0;
		};
/* End PBXSourcesBuildPhase section */

/* Begin XCBuildConfiguration section */
		DDF5F1282B8D96140031D54B /* Debug */ = {
			isa = XCBuildConfiguration;
			buildSettings = {
				ALWAYS_SEARCH_USER_PATHS = NO;
				CLANG_ANALYZER_NONNULL = YES;
				CLANG_ANALYZER_NUMBER_OBJECT_CONVERSION = YES_AGGRESSIVE;
				CLANG_CXX_LANGUAGE_STANDARD = "gnu++20";
				CLANG_ENABLE_MODULES = YES;
				CLANG_ENABLE_OBJC_ARC = YES;
				CLANG_ENABLE_OBJC_WEAK = YES;
				CLANG_WARN_BLOCK_CAPTURE_AUTORELEASING = YES;
				CLANG_WARN_BOOL_CONVERSION = YES;
				CLANG_WARN_COMMA = YES;
				CLANG_WARN_CONSTANT_CONVERSION = YES;
				CLANG_WARN_DEPRECATED_OBJC_IMPLEMENTATIONS = YES;
				CLANG_WARN_DIRECT_OBJC_ISA_USAGE = YES_ERROR;
				CLANG_WARN_DOCUMENTATION_COMMENTS = YES;
				CLANG_WARN_EMPTY_BODY = YES;
				CLANG_WARN_ENUM_CONVERSION = YES;
				CLANG_WARN_INFINITE_RECURSION = YES;
				CLANG_WARN_INT_CONVERSION = YES;
				CLANG_WARN_NON_LITERAL_NULL_CONVERSION = YES;
				CLANG_WARN_OBJC_IMPLICIT_RETAIN_SELF = YES;
				CLANG_WARN_OBJC_LITERAL_CONVERSION = YES;
				CLANG_WARN_OBJC_ROOT_CLASS = YES_ERROR;
				CLANG_WARN_QUOTED_INCLUDE_IN_FRAMEWORK_HEADER = YES;
				CLANG_WARN_RANGE_LOOP_ANALYSIS = YES;
				CLANG_WARN_STRICT_PROTOTYPES = YES;
				CLANG_WARN_SUSPICIOUS_MOVE = YES;
				CLANG_WARN_UNGUARDED_AVAILABILITY = YES_AGGRESSIVE;
				CLANG_WARN_UNREACHABLE_CODE = YES;
				CLANG_WARN__DUPLICATE_METHOD_MATCH = YES;
				COPY_PHASE_STRIP = NO;
				DEBUG_INFORMATION_FORMAT = dwarf;
				ENABLE_STRICT_OBJC_MSGSEND = YES;
				ENABLE_TESTABILITY = YES;
				GCC_C_LANGUAGE_STANDARD = gnu11;
				GCC_DYNAMIC_NO_PIC = NO;
				GCC_NO_COMMON_BLOCKS = YES;
				GCC_OPTIMIZATION_LEVEL = 0;
				GCC_PREPROCESSOR_DEFINITIONS = (
					"DEBUG=1",
					"$(inherited)",
				);
				GCC_WARN_64_TO_32_BIT_CONVERSION = YES;
				GCC_WARN_ABOUT_RETURN_TYPE = YES_ERROR;
				GCC_WARN_UNDECLARED_SELECTOR = YES;
				GCC_WARN_UNINITIALIZED_AUTOS = YES_AGGRESSIVE;
				GCC_WARN_UNUSED_FUNCTION = YES;
				GCC_WARN_UNUSED_VARIABLE = YES;
				IPHONEOS_DEPLOYMENT_TARGET = 13.0;
				MTL_ENABLE_DEBUG_INFO = INCLUDE_SOURCE;
				MTL_FAST_MATH = YES;
				ONLY_ACTIVE_ARCH = YES;
				SDKROOT = iphoneos;
				SWIFT_ACTIVE_COMPILATION_CONDITIONS = DEBUG;
				SWIFT_OPTIMIZATION_LEVEL = "-Onone";
			};
			name = Debug;
		};
		DDF5F1292B8D96140031D54B /* Release */ = {
			isa = XCBuildConfiguration;
			buildSettings = {
				ALWAYS_SEARCH_USER_PATHS = NO;
				CLANG_ANALYZER_NONNULL = YES;
				CLANG_ANALYZER_NUMBER_OBJECT_CONVERSION = YES_AGGRESSIVE;
				CLANG_CXX_LANGUAGE_STANDARD = "gnu++20";
				CLANG_ENABLE_MODULES = YES;
				CLANG_ENABLE_OBJC_ARC = YES;
				CLANG_ENABLE_OBJC_WEAK = YES;
				CLANG_WARN_BLOCK_CAPTURE_AUTORELEASING = YES;
				CLANG_WARN_BOOL_CONVERSION = YES;
				CLANG_WARN_COMMA = YES;
				CLANG_WARN_CONSTANT_CONVERSION = YES;
				CLANG_WARN_DEPRECATED_OBJC_IMPLEMENTATIONS = YES;
				CLANG_WARN_DIRECT_OBJC_ISA_USAGE = YES_ERROR;
				CLANG_WARN_DOCUMENTATION_COMMENTS = YES;
				CLANG_WARN_EMPTY_BODY = YES;
				CLANG_WARN_ENUM_CONVERSION = YES;
				CLANG_WARN_INFINITE_RECURSION = YES;
				CLANG_WARN_INT_CONVERSION = YES;
				CLANG_WARN_NON_LITERAL_NULL_CONVERSION = YES;
				CLANG_WARN_OBJC_IMPLICIT_RETAIN_SELF = YES;
				CLANG_WARN_OBJC_LITERAL_CONVERSION = YES;
				CLANG_WARN_OBJC_ROOT_CLASS = YES_ERROR;
				CLANG_WARN_QUOTED_INCLUDE_IN_FRAMEWORK_HEADER = YES;
				CLANG_WARN_RANGE_LOOP_ANALYSIS = YES;
				CLANG_WARN_STRICT_PROTOTYPES = YES;
				CLANG_WARN_SUSPICIOUS_MOVE = YES;
				CLANG_WARN_UNGUARDED_AVAILABILITY = YES_AGGRESSIVE;
				CLANG_WARN_UNREACHABLE_CODE = YES;
				CLANG_WARN__DUPLICATE_METHOD_MATCH = YES;
				COPY_PHASE_STRIP = NO;
				DEBUG_INFORMATION_FORMAT = "dwarf-with-dsym";
				ENABLE_NS_ASSERTIONS = NO;
				ENABLE_STRICT_OBJC_MSGSEND = YES;
				GCC_C_LANGUAGE_STANDARD = gnu11;
				GCC_NO_COMMON_BLOCKS = YES;
				GCC_WARN_64_TO_32_BIT_CONVERSION = YES;
				GCC_WARN_ABOUT_RETURN_TYPE = YES_ERROR;
				GCC_WARN_UNDECLARED_SELECTOR = YES;
				GCC_WARN_UNINITIALIZED_AUTOS = YES_AGGRESSIVE;
				GCC_WARN_UNUSED_FUNCTION = YES;
				GCC_WARN_UNUSED_VARIABLE = YES;
				IPHONEOS_DEPLOYMENT_TARGET = 13.0;
				MTL_ENABLE_DEBUG_INFO = NO;
				MTL_FAST_MATH = YES;
				SDKROOT = iphoneos;
				SWIFT_COMPILATION_MODE = wholemodule;
				SWIFT_OPTIMIZATION_LEVEL = "-O";
				VALIDATE_PRODUCT = YES;
			};
			name = Release;
		};
		DDF5F12B2B8D96140031D54B /* Debug */ = {
			isa = XCBuildConfiguration;
			buildSettings = {
				ASSETCATALOG_COMPILER_APPICON_NAME = AppIcon;
				ASSETCATALOG_COMPILER_GLOBAL_ACCENT_COLOR_NAME = AccentColor;
				CODE_SIGN_STYLE = Automatic;
				CURRENT_PROJECT_VERSION = 1;
				DEVELOPMENT_TEAM = 7YW3V66545;
				GENERATE_INFOPLIST_FILE = YES;
				INFOPLIST_FILE = BlackTracker/Resources/Info.plist;
				INFOPLIST_KEY_UIApplicationSupportsIndirectInputEvents = YES;
				INFOPLIST_KEY_UILaunchStoryboardName = LaunchScreen;
				INFOPLIST_KEY_UIMainStoryboardFile = Main;
				INFOPLIST_KEY_UISupportedInterfaceOrientations = UIInterfaceOrientationPortrait;
				INFOPLIST_KEY_UISupportedInterfaceOrientations_iPad = "UIInterfaceOrientationLandscapeLeft UIInterfaceOrientationLandscapeRight UIInterfaceOrientationPortrait UIInterfaceOrientationPortraitUpsideDown";
				LD_RUNPATH_SEARCH_PATHS = (
					"$(inherited)",
					"@executable_path/Frameworks",
				);
				MARKETING_VERSION = 1.0;
				PRODUCT_BUNDLE_IDENTIFIER = Hieronius.BlackTracker;
				PRODUCT_NAME = "$(TARGET_NAME)";
				SUPPORTED_PLATFORMS = "iphoneos iphonesimulator";
				SUPPORTS_MACCATALYST = NO;
				SUPPORTS_MAC_DESIGNED_FOR_IPHONE_IPAD = NO;
				SWIFT_EMIT_LOC_STRINGS = YES;
				SWIFT_VERSION = 5.0;
				TARGETED_DEVICE_FAMILY = 1;
			};
			name = Debug;
		};
		DDF5F12C2B8D96140031D54B /* Release */ = {
			isa = XCBuildConfiguration;
			buildSettings = {
				ASSETCATALOG_COMPILER_APPICON_NAME = AppIcon;
				ASSETCATALOG_COMPILER_GLOBAL_ACCENT_COLOR_NAME = AccentColor;
				CODE_SIGN_STYLE = Automatic;
				CURRENT_PROJECT_VERSION = 1;
				DEVELOPMENT_TEAM = 7YW3V66545;
				GENERATE_INFOPLIST_FILE = YES;
				INFOPLIST_FILE = BlackTracker/Resources/Info.plist;
				INFOPLIST_KEY_UIApplicationSupportsIndirectInputEvents = YES;
				INFOPLIST_KEY_UILaunchStoryboardName = LaunchScreen;
				INFOPLIST_KEY_UIMainStoryboardFile = Main;
				INFOPLIST_KEY_UISupportedInterfaceOrientations = UIInterfaceOrientationPortrait;
				INFOPLIST_KEY_UISupportedInterfaceOrientations_iPad = "UIInterfaceOrientationLandscapeLeft UIInterfaceOrientationLandscapeRight UIInterfaceOrientationPortrait UIInterfaceOrientationPortraitUpsideDown";
				LD_RUNPATH_SEARCH_PATHS = (
					"$(inherited)",
					"@executable_path/Frameworks",
				);
				MARKETING_VERSION = 1.0;
				PRODUCT_BUNDLE_IDENTIFIER = Hieronius.BlackTracker;
				PRODUCT_NAME = "$(TARGET_NAME)";
				SUPPORTED_PLATFORMS = "iphoneos iphonesimulator";
				SUPPORTS_MACCATALYST = NO;
				SUPPORTS_MAC_DESIGNED_FOR_IPHONE_IPAD = NO;
				SWIFT_EMIT_LOC_STRINGS = YES;
				SWIFT_VERSION = 5.0;
				TARGETED_DEVICE_FAMILY = 1;
			};
			name = Release;
		};
/* End XCBuildConfiguration section */

/* Begin XCConfigurationList section */
		DDF5F1112B8D96120031D54B /* Build configuration list for PBXProject "BlackTracker" */ = {
			isa = XCConfigurationList;
			buildConfigurations = (
				DDF5F1282B8D96140031D54B /* Debug */,
				DDF5F1292B8D96140031D54B /* Release */,
			);
			defaultConfigurationIsVisible = 0;
			defaultConfigurationName = Release;
		};
		DDF5F12A2B8D96140031D54B /* Build configuration list for PBXNativeTarget "BlackTracker" */ = {
			isa = XCConfigurationList;
			buildConfigurations = (
				DDF5F12B2B8D96140031D54B /* Debug */,
				DDF5F12C2B8D96140031D54B /* Release */,
			);
			defaultConfigurationIsVisible = 0;
			defaultConfigurationName = Release;
		};
/* End XCConfigurationList section */

/* Begin XCRemoteSwiftPackageReference section */
		DDF5F1372B8DA3E80031D54B /* XCRemoteSwiftPackageReference "SnapKit" */ = {
			isa = XCRemoteSwiftPackageReference;
			repositoryURL = "https://github.com/SnapKit/SnapKit.git";
			requirement = {
				kind = upToNextMajorVersion;
				minimumVersion = 5.0.0;
			};
		};
/* End XCRemoteSwiftPackageReference section */

/* Begin XCSwiftPackageProductDependency section */
		DDF5F1382B8DA3E80031D54B /* SnapKit */ = {
			isa = XCSwiftPackageProductDependency;
			package = DDF5F1372B8DA3E80031D54B /* XCRemoteSwiftPackageReference "SnapKit" */;
			productName = SnapKit;
		};
/* End XCSwiftPackageProductDependency section */
	};
	rootObject = DDF5F10E2B8D96120031D54B /* Project object */;
}
